<?xml version="1.0" encoding="utf-8"?>
<Project ToolsVersion="4.0" xmlns="http://schemas.microsoft.com/developer/msbuild/2003">
  <ItemGroup>
    <Filter Include="源文件">
      <UniqueIdentifier>{4FC737F1-C7A5-4376-A066-2A32D752A2FF}</UniqueIdentifier>
      <Extensions>cpp;c;cc;cxx;def;odl;idl;hpj;bat;asm;asmx</Extensions>
    </Filter>
    <Filter Include="头文件">
      <UniqueIdentifier>{93995380-89BD-4b04-88EB-625FBE52EBFB}</UniqueIdentifier>
      <Extensions>h;hh;hpp;hxx;hm;inl;inc;ipp;xsd</Extensions>
    </Filter>
    <Filter Include="资源文件">
      <UniqueIdentifier>{67DA6AB6-F800-4c08-8B7A-83BB121AAD01}</UniqueIdentifier>
      <Extensions>rc;ico;cur;bmp;dlg;rc2;rct;bin;rgs;gif;jpg;jpeg;jpe;resx;tiff;tif;png;wav;mfcribbon-ms</Extensions>
    </Filter>
    <Filter Include="源文件\第5章">
      <UniqueIdentifier>{26461746-946a-4a4b-9a22-1510357ff19c}</UniqueIdentifier>
    </Filter>
    <Filter Include="源文件\第3章">
      <UniqueIdentifier>{b8c98c82-6371-4f0d-8f2d-7a08cec72e8e}</UniqueIdentifier>
    </Filter>
    <Filter Include="源文件\第4章">
      <UniqueIdentifier>{3d803ad3-8955-49ce-83af-86bfca8172b8}</UniqueIdentifier>
    </Filter>
    <Filter Include="源文件\第6章">
      <UniqueIdentifier>{ff4447e8-137e-4115-b146-82ca396bd559}</UniqueIdentifier>
    </Filter>
    <Filter Include="源文件\第7章">
      <UniqueIdentifier>{47272f1d-ebef-4af5-adc6-9e39aee335eb}</UniqueIdentifier>
    </Filter>
    <Filter Include="源文件\第9章">
      <UniqueIdentifier>{385c0f9a-b750-4206-bbe5-09628bf7d3a0}</UniqueIdentifier>
    </Filter>
    <Filter Include="源文件\理论教材">
      <UniqueIdentifier>{e17872bb-b8ab-4680-866f-09466d8833b8}</UniqueIdentifier>
    </Filter>
  </ItemGroup>
  <ItemGroup>
    <ClCompile Include="230-2-3.c">
      <Filter>源文件\理论教材</Filter>
    </ClCompile>
  </ItemGroup>
</Project>